
Microsoft Visual Studio Solution File, Format Version 12.00
# Visual Studio Version 17
VisualStudioVersion = 17.0.31903.59
MinimumVisualStudioVersion = 10.0.40219.1
Project("{2150E333-8FDC-42A3-9474-1A3956D46DE8}") = "src", "src", "{827E0CD3-B72D-47B6-A68D-7590B98EB39B}"
EndProject
Project("{2150E333-8FDC-42A3-9474-1A3956D46DE8}") = "Domain", "Domain", "{8B290487-4C16-E85E-E807-F579CBE9FC4D}"
EndProject
Project("{FAE04EC0-301F-11D3-BF4B-00C04F79EFBC}") = "ProductCatalogAPI.Domain", "src\Domain\ProductCatalogAPI.Domain.csproj", "{8FFE427A-F7FC-435E-92FC-9B981D4B8CBD}"
EndProject
Project("{2150E333-8FDC-42A3-9474-1A3956D46DE8}") = "Application", "Application", "{22BAF98C-8415-17C4-B26A-D537657BC863}"
EndProject
Project("{FAE04EC0-301F-11D3-BF4B-00C04F79EFBC}") = "ProductCatalogAPI.Application", "src\Application\ProductCatalogAPI.Application.csproj", "{5590E850-FD7B-4A8B-89B4-88FC70E6348F}"
EndProject
Project("{2150E333-8FDC-42A3-9474-1A3956D46DE8}") = "Infrastructure", "Infrastructure", "{9048EB7F-3875-A59E-E36B-5BD4C6F2A282}"
EndProject
Project("{FAE04EC0-301F-11D3-BF4B-00C04F79EFBC}") = "ProductCatalogAPI.Infrastructure", "src\Infrastructure\ProductCatalogAPI.Infrastructure.csproj", "{1F0144CC-81DB-44DA-BE92-DFF78C734DA1}"
EndProject
Project("{2150E333-8FDC-42A3-9474-1A3956D46DE8}") = "WebAPI", "WebAPI", "{953D89DF-FDD2-4C1A-6A43-6326114B13B5}"
EndProject
Project("{FAE04EC0-301F-11D3-BF4B-00C04F79EFBC}") = "ProductCatalogAPI.WebAPI", "src\WebAPI\ProductCatalogAPI.WebAPI.csproj", "{D86370B7-4E47-4F99-84E3-07C6D1BD74AF}"
EndProject
Project("{2150E333-8FDC-42A3-9474-1A3956D46DE8}") = "tests", "tests", "{0AB3BF05-4346-4AA6-1389-037BE0695223}"
EndProject
Project("{2150E333-8FDC-42A3-9474-1A3956D46DE8}") = "UnitTests", "UnitTests", "{394A81D9-3C45-9818-BB26-23F2B85056FF}"
EndProject
Project("{FAE04EC0-301F-11D3-BF4B-00C04F79EFBC}") = "ProductCatalogAPI.UnitTests", "tests\UnitTests\ProductCatalogAPI.UnitTests.csproj", "{50008726-6942-4A30-8523-578AAA27243E}"
EndProject
Project("{2150E333-8FDC-42A3-9474-1A3956D46DE8}") = "IntegrationTests", "IntegrationTests", "{30785934-E017-5D9F-2777-3D61460A5281}"
EndProject
Project("{FAE04EC0-301F-11D3-BF4B-00C04F79EFBC}") = "ProductCatalogAPI.IntegrationTests", "tests\IntegrationTests\ProductCatalogAPI.IntegrationTests\ProductCatalogAPI.IntegrationTests.csproj", "{9B3BA73E-0C6E-4EEE-BA37-A8DD96EE10B8}"
EndProject
Global
	GlobalSection(SolutionConfigurationPlatforms) = preSolution
		Debug|Any CPU = Debug|Any CPU
		Debug|x64 = Debug|x64
		Debug|x86 = Debug|x86
		Release|Any CPU = Release|Any CPU
		Release|x64 = Release|x64
		Release|x86 = Release|x86
	EndGlobalSection
	GlobalSection(ProjectConfigurationPlatforms) = postSolution
		{8FFE427A-F7FC-435E-92FC-9B981D4B8CBD}.Debug|Any CPU.ActiveCfg = Debug|Any CPU
		{8FFE427A-F7FC-435E-92FC-9B981D4B8CBD}.Debug|Any CPU.Build.0 = Debug|Any CPU
		{8FFE427A-F7FC-435E-92FC-9B981D4B8CBD}.Debug|x64.ActiveCfg = Debug|Any CPU
		{8FFE427A-F7FC-435E-92FC-9B981D4B8CBD}.Debug|x64.Build.0 = Debug|Any CPU
		{8FFE427A-F7FC-435E-92FC-9B981D4B8CBD}.Debug|x86.ActiveCfg = Debug|Any CPU
		{8FFE427A-F7FC-435E-92FC-9B981D4B8CBD}.Debug|x86.Build.0 = Debug|Any CPU
		{8FFE427A-F7FC-435E-92FC-9B981D4B8CBD}.Release|Any CPU.ActiveCfg = Release|Any CPU
		{8FFE427A-F7FC-435E-92FC-9B981D4B8CBD}.Release|Any CPU.Build.0 = Release|Any CPU
		{8FFE427A-F7FC-435E-92FC-9B981D4B8CBD}.Release|x64.ActiveCfg = Release|Any CPU
		{8FFE427A-F7FC-435E-92FC-9B981D4B8CBD}.Release|x64.Build.0 = Release|Any CPU
		{8FFE427A-F7FC-435E-92FC-9B981D4B8CBD}.Release|x86.ActiveCfg = Release|Any CPU
		{8FFE427A-F7FC-435E-92FC-9B981D4B8CBD}.Release|x86.Build.0 = Release|Any CPU
		{5590E850-FD7B-4A8B-89B4-88FC70E6348F}.Debug|Any CPU.ActiveCfg = Debug|Any CPU
		{5590E850-FD7B-4A8B-89B4-88FC70E6348F}.Debug|Any CPU.Build.0 = Debug|Any CPU
		{5590E850-FD7B-4A8B-89B4-88FC70E6348F}.Debug|x64.ActiveCfg = Debug|Any CPU
		{5590E850-FD7B-4A8B-89B4-88FC70E6348F}.Debug|x64.Build.0 = Debug|Any CPU
		{5590E850-FD7B-4A8B-89B4-88FC70E6348F}.Debug|x86.ActiveCfg = Debug|Any CPU
		{5590E850-FD7B-4A8B-89B4-88FC70E6348F}.Debug|x86.Build.0 = Debug|Any CPU
		{5590E850-FD7B-4A8B-89B4-88FC70E6348F}.Release|Any CPU.ActiveCfg = Release|Any CPU
		{5590E850-FD7B-4A8B-89B4-88FC70E6348F}.Release|Any CPU.Build.0 = Release|Any CPU
		{5590E850-FD7B-4A8B-89B4-88FC70E6348F}.Release|x64.ActiveCfg = Release|Any CPU
		{5590E850-FD7B-4A8B-89B4-88FC70E6348F}.Release|x64.Build.0 = Release|Any CPU
		{5590E850-FD7B-4A8B-89B4-88FC70E6348F}.Release|x86.ActiveCfg = Release|Any CPU
		{5590E850-FD7B-4A8B-89B4-88FC70E6348F}.Release|x86.Build.0 = Release|Any CPU
		{1F0144CC-81DB-44DA-BE92-DFF78C734DA1}.Debug|Any CPU.ActiveCfg = Debug|Any CPU
		{1F0144CC-81DB-44DA-BE92-DFF78C734DA1}.Debug|Any CPU.Build.0 = Debug|Any CPU
		{1F0144CC-81DB-44DA-BE92-DFF78C734DA1}.Debug|x64.ActiveCfg = Debug|Any CPU
		{1F0144CC-81DB-44DA-BE92-DFF78C734DA1}.Debug|x64.Build.0 = Debug|Any CPU
		{1F0144CC-81DB-44DA-BE92-DFF78C734DA1}.Debug|x86.ActiveCfg = Debug|Any CPU
		{1F0144CC-81DB-44DA-BE92-DFF78C734DA1}.Debug|x86.Build.0 = Debug|Any CPU
		{1F0144CC-81DB-44DA-BE92-DFF78C734DA1}.Release|Any CPU.ActiveCfg = Release|Any CPU
		{1F0144CC-81DB-44DA-BE92-DFF78C734DA1}.Release|Any CPU.Build.0 = Release|Any CPU
		{1F0144CC-81DB-44DA-BE92-DFF78C734DA1}.Release|x64.ActiveCfg = Release|Any CPU
		{1F0144CC-81DB-44DA-BE92-DFF78C734DA1}.Release|x64.Build.0 = Release|Any CPU
		{1F0144CC-81DB-44DA-BE92-DFF78C734DA1}.Release|x86.ActiveCfg = Release|Any CPU
		{1F0144CC-81DB-44DA-BE92-DFF78C734DA1}.Release|x86.Build.0 = Release|Any CPU
		{D86370B7-4E47-4F99-84E3-07C6D1BD74AF}.Debug|Any CPU.ActiveCfg = Debug|Any CPU
		{D86370B7-4E47-4F99-84E3-07C6D1BD74AF}.Debug|Any CPU.Build.0 = Debug|Any CPU
		{D86370B7-4E47-4F99-84E3-07C6D1BD74AF}.Debug|x64.ActiveCfg = Debug|Any CPU
		{D86370B7-4E47-4F99-84E3-07C6D1BD74AF}.Debug|x64.Build.0 = Debug|Any CPU
		{D86370B7-4E47-4F99-84E3-07C6D1BD74AF}.Debug|x86.ActiveCfg = Debug|Any CPU
		{D86370B7-4E47-4F99-84E3-07C6D1BD74AF}.Debug|x86.Build.0 = Debug|Any CPU
		{D86370B7-4E47-4F99-84E3-07C6D1BD74AF}.Release|Any CPU.ActiveCfg = Release|Any CPU
		{D86370B7-4E47-4F99-84E3-07C6D1BD74AF}.Release|Any CPU.Build.0 = Release|Any CPU
		{D86370B7-4E47-4F99-84E3-07C6D1BD74AF}.Release|x64.ActiveCfg = Release|Any CPU
		{D86370B7-4E47-4F99-84E3-07C6D1BD74AF}.Release|x64.Build.0 = Release|Any CPU
		{D86370B7-4E47-4F99-84E3-07C6D1BD74AF}.Release|x86.ActiveCfg = Release|Any CPU
		{D86370B7-4E47-4F99-84E3-07C6D1BD74AF}.Release|x86.Build.0 = Release|Any CPU
		{50008726-6942-4A30-8523-578AAA27243E}.Debug|Any CPU.ActiveCfg = Debug|Any CPU
		{50008726-6942-4A30-8523-578AAA27243E}.Debug|Any CPU.Build.0 = Debug|Any CPU
		{50008726-6942-4A30-8523-578AAA27243E}.Debug|x64.ActiveCfg = Debug|Any CPU
		{50008726-6942-4A30-8523-578AAA27243E}.Debug|x64.Build.0 = Debug|Any CPU
		{50008726-6942-4A30-8523-578AAA27243E}.Debug|x86.ActiveCfg = Debug|Any CPU
		{50008726-6942-4A30-8523-578AAA27243E}.Debug|x86.Build.0 = Debug|Any CPU
		{50008726-6942-4A30-8523-578AAA27243E}.Release|Any CPU.ActiveCfg = Release|Any CPU
		{50008726-6942-4A30-8523-578AAA27243E}.Release|Any CPU.Build.0 = Release|Any CPU
		{50008726-6942-4A30-8523-578AAA27243E}.Release|x64.ActiveCfg = Release|Any CPU
		{50008726-6942-4A30-8523-578AAA27243E}.Release|x64.Build.0 = Release|Any CPU
		{50008726-6942-4A30-8523-578AAA27243E}.Release|x86.ActiveCfg = Release|Any CPU
		{50008726-6942-4A30-8523-578AAA27243E}.Release|x86.Build.0 = Release|Any CPU
		{9B3BA73E-0C6E-4EEE-BA37-A8DD96EE10B8}.Debug|Any CPU.ActiveCfg = Debug|Any CPU
		{9B3BA73E-0C6E-4EEE-BA37-A8DD96EE10B8}.Debug|Any CPU.Build.0 = Debug|Any CPU
		{9B3BA73E-0C6E-4EEE-BA37-A8DD96EE10B8}.Debug|x64.ActiveCfg = Debug|Any CPU
		{9B3BA73E-0C6E-4EEE-BA37-A8DD96EE10B8}.Debug|x64.Build.0 = Debug|Any CPU
		{9B3BA73E-0C6E-4EEE-BA37-A8DD96EE10B8}.Debug|x86.ActiveCfg = Debug|Any CPU
		{9B3BA73E-0C6E-4EEE-BA37-A8DD96EE10B8}.Debug|x86.Build.0 = Debug|Any CPU
		{9B3BA73E-0C6E-4EEE-BA37-A8DD96EE10B8}.Release|Any CPU.ActiveCfg = Release|Any CPU
		{9B3BA73E-0C6E-4EEE-BA37-A8DD96EE10B8}.Release|Any CPU.Build.0 = Release|Any CPU
		{9B3BA73E-0C6E-4EEE-BA37-A8DD96EE10B8}.Release|x64.ActiveCfg = Release|Any CPU
		{9B3BA73E-0C6E-4EEE-BA37-A8DD96EE10B8}.Release|x64.Build.0 = Release|Any CPU
		{9B3BA73E-0C6E-4EEE-BA37-A8DD96EE10B8}.Release|x86.ActiveCfg = Release|Any CPU
		{9B3BA73E-0C6E-4EEE-BA37-A8DD96EE10B8}.Release|x86.Build.0 = Release|Any CPU
	EndGlobalSection
	GlobalSection(SolutionProperties) = preSolution
		HideSolutionNode = FALSE
	EndGlobalSection
	GlobalSection(NestedProjects) = preSolution
		{8B290487-4C16-E85E-E807-F579CBE9FC4D} = {827E0CD3-B72D-47B6-A68D-7590B98EB39B}
		{8FFE427A-F7FC-435E-92FC-9B981D4B8CBD} = {8B290487-4C16-E85E-E807-F579CBE9FC4D}
		{22BAF98C-8415-17C4-B26A-D537657BC863} = {827E0CD3-B72D-47B6-A68D-7590B98EB39B}
		{5590E850-FD7B-4A8B-89B4-88FC70E6348F} = {22BAF98C-8415-17C4-B26A-D537657BC863}
		{9048EB7F-3875-A59E-E36B-5BD4C6F2A282} = {827E0CD3-B72D-47B6-A68D-7590B98EB39B}
		{1F0144CC-81DB-44DA-BE92-DFF78C734DA1} = {9048EB7F-3875-A59E-E36B-5BD4C6F2A282}
		{953D89DF-FDD2-4C1A-6A43-6326114B13B5} = {827E0CD3-B72D-47B6-A68D-7590B98EB39B}
		{D86370B7-4E47-4F99-84E3-07C6D1BD74AF} = {953D89DF-FDD2-4C1A-6A43-6326114B13B5}
		{394A81D9-3C45-9818-BB26-23F2B85056FF} = {0AB3BF05-4346-4AA6-1389-037BE0695223}
		{50008726-6942-4A30-8523-578AAA27243E} = {394A81D9-3C45-9818-BB26-23F2B85056FF}
		{30785934-E017-5D9F-2777-3D61460A5281} = {0AB3BF05-4346-4AA6-1389-037BE0695223}
		{9B3BA73E-0C6E-4EEE-BA37-A8DD96EE10B8} = {30785934-E017-5D9F-2777-3D61460A5281}
	EndGlobalSection
EndGlobal
